
Microsoft Visual Studio Solution File, Format Version 12.00
# Visual Studio Version 17
VisualStudioVersion = 17.5.33530.505
MinimumVisualStudioVersion = 10.0.40219.1
Project("{9A19103F-16F7-4668-BE54-9A1E7A4F7556}") = "CryptoCurrencyExchangeBrokerLib", "CryptoCurrencyExchangeBrokerLib\CryptoCurrencyExchangeBrokerLib.csproj", "{CF4D759B-B389-46C3-8644-DC2CD3C6C7CA}"
EndProject
Project("{9A19103F-16F7-4668-BE54-9A1E7A4F7556}") = "CryptoCurrencyExchangeBrokerAPI", "CryptoCurrencyExchangeBrokerAPI\CryptoCurrencyExchangeBrokerAPI.csproj", "{208B4AFB-E16C-4157-A8EA-6961F51522D4}"
EndProject
Project("{9A19103F-16F7-4668-BE54-9A1E7A4F7556}") = "CryptoCurrencyExchangeBrokerConsole", "CryptoCurrencyExchangeBrokerConsole\CryptoCurrencyExchangeBrokerConsole.csproj", "{47932429-25E2-4544-A126-DEEFB3F9D493}"
EndProject
Project("{9A19103F-16F7-4668-BE54-9A1E7A4F7556}") = "BitstampLib", "BitstampLib\BitstampLib.csproj", "{9A57DF06-F21F-44C5-8415-F386B7870BA2}"
EndProject
Project("{FAE04EC0-301F-11D3-BF4B-00C04F79EFBC}") = "PersistenceLayerCosmosDBLib", "PersistenceLayerCosmosDBLib\PersistenceLayerCosmosDBLib.csproj", "{5F9182A1-F1AA-40F3-BCD2-ED1E3CF01BF7}"
EndProject
Global
	GlobalSection(SolutionConfigurationPlatforms) = preSolution
		Debug|Any CPU = Debug|Any CPU
		Release|Any CPU = Release|Any CPU
	EndGlobalSection
	GlobalSection(ProjectConfigurationPlatforms) = postSolution
		{CF4D759B-B389-46C3-8644-DC2CD3C6C7CA}.Debug|Any CPU.ActiveCfg = Debug|Any CPU
		{CF4D759B-B389-46C3-8644-DC2CD3C6C7CA}.Debug|Any CPU.Build.0 = Debug|Any CPU
		{CF4D759B-B389-46C3-8644-DC2CD3C6C7CA}.Release|Any CPU.ActiveCfg = Release|Any CPU
		{CF4D759B-B389-46C3-8644-DC2CD3C6C7CA}.Release|Any CPU.Build.0 = Release|Any CPU
		{208B4AFB-E16C-4157-A8EA-6961F51522D4}.Debug|Any CPU.ActiveCfg = Debug|Any CPU
		{208B4AFB-E16C-4157-A8EA-6961F51522D4}.Debug|Any CPU.Build.0 = Debug|Any CPU
		{208B4AFB-E16C-4157-A8EA-6961F51522D4}.Release|Any CPU.ActiveCfg = Release|Any CPU
		{208B4AFB-E16C-4157-A8EA-6961F51522D4}.Release|Any CPU.Build.0 = Release|Any CPU
		{47932429-25E2-4544-A126-DEEFB3F9D493}.Debug|Any CPU.ActiveCfg = Debug|Any CPU
		{47932429-25E2-4544-A126-DEEFB3F9D493}.Debug|Any CPU.Build.0 = Debug|Any CPU
		{47932429-25E2-4544-A126-DEEFB3F9D493}.Release|Any CPU.ActiveCfg = Release|Any CPU
		{47932429-25E2-4544-A126-DEEFB3F9D493}.Release|Any CPU.Build.0 = Release|Any CPU
		{9A57DF06-F21F-44C5-8415-F386B7870BA2}.Debug|Any CPU.ActiveCfg = Debug|Any CPU
		{9A57DF06-F21F-44C5-8415-F386B7870BA2}.Debug|Any CPU.Build.0 = Debug|Any CPU
		{9A57DF06-F21F-44C5-8415-F386B7870BA2}.Release|Any CPU.ActiveCfg = Release|Any CPU
		{9A57DF06-F21F-44C5-8415-F386B7870BA2}.Release|Any CPU.Build.0 = Release|Any CPU
		{5F9182A1-F1AA-40F3-BCD2-ED1E3CF01BF7}.Debug|Any CPU.ActiveCfg = Debug|Any CPU
		{5F9182A1-F1AA-40F3-BCD2-ED1E3CF01BF7}.Debug|Any CPU.Build.0 = Debug|Any CPU
		{5F9182A1-F1AA-40F3-BCD2-ED1E3CF01BF7}.Release|Any CPU.ActiveCfg = Release|Any CPU
		{5F9182A1-F1AA-40F3-BCD2-ED1E3CF01BF7}.Release|Any CPU.Build.0 = Release|Any CPU
	EndGlobalSection
	GlobalSection(SolutionProperties) = preSolution
		HideSolutionNode = FALSE
	EndGlobalSection
	GlobalSection(ExtensibilityGlobals) = postSolution
		SolutionGuid = {D6679F18-E68D-41ED-914F-A1894CBE565B}
	EndGlobalSection
EndGlobal
